
Microsoft Visual Studio Solution File, Format Version 12.00
# Visual Studio 15
VisualStudioVersion = 15.0.28307.106
MinimumVisualStudioVersion = 10.0.40219.1
Project("{FAE04EC0-301F-11D3-BF4B-00C04F79EFBC}") = "TowerDefense.Android", "TowerDefense\TowerDefense.Android\TowerDefense.Android.csproj", "{BD090863-84A4-433E-A3E1-4D343BDCCA63}"
EndProject
Project("{FAE04EC0-301F-11D3-BF4B-00C04F79EFBC}") = "TowerDefense.iOS", "TowerDefense\TowerDefense.iOS\TowerDefense.iOS.csproj", "{2B5D74B6-8681-48B9-B188-81A01A034C36}"
EndProject
Project("{9A19103F-16F7-4668-BE54-9A1E7A4F7556}") = "TowerDefense", "TowerDefense\TowerDefense\TowerDefense.csproj", "{FB6A9FB1-7967-4787-9CBC-8AA6A3F64F8F}"
EndProject
Global
	GlobalSection(SolutionConfigurationPlatforms) = preSolution
		Ad-Hoc|Any CPU = Ad-Hoc|Any CPU
		Ad-Hoc|iPhone = Ad-Hoc|iPhone
		Ad-Hoc|iPhoneSimulator = Ad-Hoc|iPhoneSimulator
		AppStore|Any CPU = AppStore|Any CPU
		AppStore|iPhone = AppStore|iPhone
		AppStore|iPhoneSimulator = AppStore|iPhoneSimulator
		Debug|Any CPU = Debug|Any CPU
		Debug|iPhone = Debug|iPhone
		Debug|iPhoneSimulator = Debug|iPhoneSimulator
		Release|Any CPU = Release|Any CPU
		Release|iPhone = Release|iPhone
		Release|iPhoneSimulator = Release|iPhoneSimulator
	EndGlobalSection
	GlobalSection(ProjectConfigurationPlatforms) = postSolution
		{BD090863-84A4-433E-A3E1-4D343BDCCA63}.Ad-Hoc|Any CPU.ActiveCfg = Release|Any CPU
		{BD090863-84A4-433E-A3E1-4D343BDCCA63}.Ad-Hoc|Any CPU.Build.0 = Release|Any CPU
		{BD090863-84A4-433E-A3E1-4D343BDCCA63}.Ad-Hoc|Any CPU.Deploy.0 = Release|Any CPU
		{BD090863-84A4-433E-A3E1-4D343BDCCA63}.Ad-Hoc|iPhone.ActiveCfg = Release|Any CPU
		{BD090863-84A4-433E-A3E1-4D343BDCCA63}.Ad-Hoc|iPhone.Build.0 = Release|Any CPU
		{BD090863-84A4-433E-A3E1-4D343BDCCA63}.Ad-Hoc|iPhone.Deploy.0 = Release|Any CPU
		{BD090863-84A4-433E-A3E1-4D343BDCCA63}.Ad-Hoc|iPhoneSimulator.ActiveCfg = Release|Any CPU
		{BD090863-84A4-433E-A3E1-4D343BDCCA63}.Ad-Hoc|iPhoneSimulator.Build.0 = Release|Any CPU
		{BD090863-84A4-433E-A3E1-4D343BDCCA63}.Ad-Hoc|iPhoneSimulator.Deploy.0 = Release|Any CPU
		{BD090863-84A4-433E-A3E1-4D343BDCCA63}.AppStore|Any CPU.ActiveCfg = Release|Any CPU
		{BD090863-84A4-433E-A3E1-4D343BDCCA63}.AppStore|Any CPU.Build.0 = Release|Any CPU
		{BD090863-84A4-433E-A3E1-4D343BDCCA63}.AppStore|Any CPU.Deploy.0 = Release|Any CPU
		{BD090863-84A4-433E-A3E1-4D343BDCCA63}.AppStore|iPhone.ActiveCfg = Release|Any CPU
		{BD090863-84A4-433E-A3E1-4D343BDCCA63}.AppStore|iPhone.Build.0 = Release|Any CPU
		{BD090863-84A4-433E-A3E1-4D343BDCCA63}.AppStore|iPhone.Deploy.0 = Release|Any CPU
		{BD090863-84A4-433E-A3E1-4D343BDCCA63}.AppStore|iPhoneSimulator.ActiveCfg = Release|Any CPU
		{BD090863-84A4-433E-A3E1-4D343BDCCA63}.AppStore|iPhoneSimulator.Build.0 = Release|Any CPU
		{BD090863-84A4-433E-A3E1-4D343BDCCA63}.AppStore|iPhoneSimulator.Deploy.0 = Release|Any CPU
		{BD090863-84A4-433E-A3E1-4D343BDCCA63}.Debug|Any CPU.ActiveCfg = Debug|Any CPU
		{BD090863-84A4-433E-A3E1-4D343BDCCA63}.Debug|Any CPU.Build.0 = Debug|Any CPU
		{BD090863-84A4-433E-A3E1-4D343BDCCA63}.Debug|Any CPU.Deploy.0 = Debug|Any CPU
		{BD090863-84A4-433E-A3E1-4D343BDCCA63}.Debug|iPhone.ActiveCfg = Debug|Any CPU
		{BD090863-84A4-433E-A3E1-4D343BDCCA63}.Debug|iPhone.Build.0 = Debug|Any CPU
		{BD090863-84A4-433E-A3E1-4D343BDCCA63}.Debug|iPhone.Deploy.0 = Debug|Any CPU
		{BD090863-84A4-433E-A3E1-4D343BDCCA63}.Debug|iPhoneSimulator.ActiveCfg = Debug|Any CPU
		{BD090863-84A4-433E-A3E1-4D343BDCCA63}.Debug|iPhoneSimulator.Build.0 = Debug|Any CPU
		{BD090863-84A4-433E-A3E1-4D343BDCCA63}.Debug|iPhoneSimulator.Deploy.0 = Debug|Any CPU
		{BD090863-84A4-433E-A3E1-4D343BDCCA63}.Release|Any CPU.ActiveCfg = Release|Any CPU
		{BD090863-84A4-433E-A3E1-4D343BDCCA63}.Release|Any CPU.Build.0 = Release|Any CPU
		{BD090863-84A4-433E-A3E1-4D343BDCCA63}.Release|Any CPU.Deploy.0 = Release|Any CPU
		{BD090863-84A4-433E-A3E1-4D343BDCCA63}.Release|iPhone.ActiveCfg = Release|Any CPU
		{BD090863-84A4-433E-A3E1-4D343BDCCA63}.Release|iPhone.Build.0 = Release|Any CPU
		{BD090863-84A4-433E-A3E1-4D343BDCCA63}.Release|iPhone.Deploy.0 = Release|Any CPU
		{BD090863-84A4-433E-A3E1-4D343BDCCA63}.Release|iPhoneSimulator.ActiveCfg = Release|Any CPU
		{BD090863-84A4-433E-A3E1-4D343BDCCA63}.Release|iPhoneSimulator.Build.0 = Release|Any CPU
		{BD090863-84A4-433E-A3E1-4D343BDCCA63}.Release|iPhoneSimulator.Deploy.0 = Release|Any CPU
		{2B5D74B6-8681-48B9-B188-81A01A034C36}.Ad-Hoc|Any CPU.ActiveCfg = Ad-Hoc|iPhone
		{2B5D74B6-8681-48B9-B188-81A01A034C36}.Ad-Hoc|Any CPU.Build.0 = Ad-Hoc|iPhone
		{2B5D74B6-8681-48B9-B188-81A01A034C36}.Ad-Hoc|Any CPU.Deploy.0 = Ad-Hoc|iPhone
		{2B5D74B6-8681-48B9-B188-81A01A034C36}.Ad-Hoc|iPhone.ActiveCfg = Ad-Hoc|iPhone
		{2B5D74B6-8681-48B9-B188-81A01A034C36}.Ad-Hoc|iPhone.Build.0 = Ad-Hoc|iPhone
		{2B5D74B6-8681-48B9-B188-81A01A034C36}.Ad-Hoc|iPhone.Deploy.0 = Ad-Hoc|iPhone
		{2B5D74B6-8681-48B9-B188-81A01A034C36}.Ad-Hoc|iPhoneSimulator.ActiveCfg = Ad-Hoc|iPhoneSimulator
		{2B5D74B6-8681-48B9-B188-81A01A034C36}.Ad-Hoc|iPhoneSimulator.Build.0 = Ad-Hoc|iPhoneSimulator
		{2B5D74B6-8681-48B9-B188-81A01A034C36}.Ad-Hoc|iPhoneSimulator.Deploy.0 = Ad-Hoc|iPhoneSimulator
		{2B5D74B6-8681-48B9-B188-81A01A034C36}.AppStore|Any CPU.ActiveCfg = AppStore|iPhone
		{2B5D74B6-8681-48B9-B188-81A01A034C36}.AppStore|Any CPU.Build.0 = AppStore|iPhone
		{2B5D74B6-8681-48B9-B188-81A01A034C36}.AppStore|Any CPU.Deploy.0 = AppStore|iPhone
		{2B5D74B6-8681-48B9-B188-81A01A034C36}.AppStore|iPhone.ActiveCfg = AppStore|iPhone
		{2B5D74B6-8681-48B9-B188-81A01A034C36}.AppStore|iPhone.Build.0 = AppStore|iPhone
		{2B5D74B6-8681-48B9-B188-81A01A034C36}.AppStore|iPhone.Deploy.0 = AppStore|iPhone
		{2B5D74B6-8681-48B9-B188-81A01A034C36}.AppStore|iPhoneSimulator.ActiveCfg = AppStore|iPhoneSimulator
		{2B5D74B6-8681-48B9-B188-81A01A034C36}.AppStore|iPhoneSimulator.Build.0 = AppStore|iPhoneSimulator
		{2B5D74B6-8681-48B9-B188-81A01A034C36}.AppStore|iPhoneSimulator.Deploy.0 = AppStore|iPhoneSimulator
		{2B5D74B6-8681-48B9-B188-81A01A034C36}.Debug|Any CPU.ActiveCfg = Debug|iPhoneSimulator
		{2B5D74B6-8681-48B9-B188-81A01A034C36}.Debug|Any CPU.Build.0 = Debug|iPhoneSimulator
		{2B5D74B6-8681-48B9-B188-81A01A034C36}.Debug|Any CPU.Deploy.0 = Debug|iPhoneSimulator
		{2B5D74B6-8681-48B9-B188-81A01A034C36}.Debug|iPhone.ActiveCfg = Debug|iPhone
		{2B5D74B6-8681-48B9-B188-81A01A034C36}.Debug|iPhone.Build.0 = Debug|iPhone
		{2B5D74B6-8681-48B9-B188-81A01A034C36}.Debug|iPhone.Deploy.0 = Debug|iPhone
		{2B5D74B6-8681-48B9-B188-81A01A034C36}.Debug|iPhoneSimulator.ActiveCfg = Debug|iPhoneSimulator
		{2B5D74B6-8681-48B9-B188-81A01A034C36}.Debug|iPhoneSimulator.Build.0 = Debug|iPhoneSimulator
		{2B5D74B6-8681-48B9-B188-81A01A034C36}.Debug|iPhoneSimulator.Deploy.0 = Debug|iPhoneSimulator
		{2B5D74B6-8681-48B9-B188-81A01A034C36}.Release|Any CPU.ActiveCfg = Release|iPhone
		{2B5D74B6-8681-48B9-B188-81A01A034C36}.Release|Any CPU.Build.0 = Release|iPhone
		{2B5D74B6-8681-48B9-B188-81A01A034C36}.Release|Any CPU.Deploy.0 = Release|iPhone
		{2B5D74B6-8681-48B9-B188-81A01A034C36}.Release|iPhone.ActiveCfg = Release|iPhone
		{2B5D74B6-8681-48B9-B188-81A01A034C36}.Release|iPhone.Build.0 = Release|iPhone
		{2B5D74B6-8681-48B9-B188-81A01A034C36}.Release|iPhone.Deploy.0 = Release|iPhone
		{2B5D74B6-8681-48B9-B188-81A01A034C36}.Release|iPhoneSimulator.ActiveCfg = Release|iPhoneSimulator
		{2B5D74B6-8681-48B9-B188-81A01A034C36}.Release|iPhoneSimulator.Build.0 = Release|iPhoneSimulator
		{2B5D74B6-8681-48B9-B188-81A01A034C36}.Release|iPhoneSimulator.Deploy.0 = Release|iPhoneSimulator
		{FB6A9FB1-7967-4787-9CBC-8AA6A3F64F8F}.Ad-Hoc|Any CPU.ActiveCfg = Debug|Any CPU
		{FB6A9FB1-7967-4787-9CBC-8AA6A3F64F8F}.Ad-Hoc|Any CPU.Build.0 = Debug|Any CPU
		{FB6A9FB1-7967-4787-9CBC-8AA6A3F64F8F}.Ad-Hoc|Any CPU.Deploy.0 = Debug|Any CPU
		{FB6A9FB1-7967-4787-9CBC-8AA6A3F64F8F}.Ad-Hoc|iPhone.ActiveCfg = Debug|Any CPU
		{FB6A9FB1-7967-4787-9CBC-8AA6A3F64F8F}.Ad-Hoc|iPhone.Build.0 = Debug|Any CPU
		{FB6A9FB1-7967-4787-9CBC-8AA6A3F64F8F}.Ad-Hoc|iPhone.Deploy.0 = Debug|Any CPU
		{FB6A9FB1-7967-4787-9CBC-8AA6A3F64F8F}.Ad-Hoc|iPhoneSimulator.ActiveCfg = Debug|Any CPU
		{FB6A9FB1-7967-4787-9CBC-8AA6A3F64F8F}.Ad-Hoc|iPhoneSimulator.Build.0 = Debug|Any CPU
		{FB6A9FB1-7967-4787-9CBC-8AA6A3F64F8F}.Ad-Hoc|iPhoneSimulator.Deploy.0 = Debug|Any CPU
		{FB6A9FB1-7967-4787-9CBC-8AA6A3F64F8F}.AppStore|Any CPU.ActiveCfg = Debug|Any CPU
		{FB6A9FB1-7967-4787-9CBC-8AA6A3F64F8F}.AppStore|Any CPU.Build.0 = Debug|Any CPU
		{FB6A9FB1-7967-4787-9CBC-8AA6A3F64F8F}.AppStore|Any CPU.Deploy.0 = Debug|Any CPU
		{FB6A9FB1-7967-4787-9CBC-8AA6A3F64F8F}.AppStore|iPhone.ActiveCfg = Debug|Any CPU
		{FB6A9FB1-7967-4787-9CBC-8AA6A3F64F8F}.AppStore|iPhone.Build.0 = Debug|Any CPU
		{FB6A9FB1-7967-4787-9CBC-8AA6A3F64F8F}.AppStore|iPhone.Deploy.0 = Debug|Any CPU
		{FB6A9FB1-7967-4787-9CBC-8AA6A3F64F8F}.AppStore|iPhoneSimulator.ActiveCfg = Debug|Any CPU
		{FB6A9FB1-7967-4787-9CBC-8AA6A3F64F8F}.AppStore|iPhoneSimulator.Build.0 = Debug|Any CPU
		{FB6A9FB1-7967-4787-9CBC-8AA6A3F64F8F}.AppStore|iPhoneSimulator.Deploy.0 = Debug|Any CPU
		{FB6A9FB1-7967-4787-9CBC-8AA6A3F64F8F}.Debug|Any CPU.ActiveCfg = Debug|Any CPU
		{FB6A9FB1-7967-4787-9CBC-8AA6A3F64F8F}.Debug|Any CPU.Build.0 = Debug|Any CPU
		{FB6A9FB1-7967-4787-9CBC-8AA6A3F64F8F}.Debug|Any CPU.Deploy.0 = Debug|Any CPU
		{FB6A9FB1-7967-4787-9CBC-8AA6A3F64F8F}.Debug|iPhone.ActiveCfg = Debug|Any CPU
		{FB6A9FB1-7967-4787-9CBC-8AA6A3F64F8F}.Debug|iPhone.Build.0 = Debug|Any CPU
		{FB6A9FB1-7967-4787-9CBC-8AA6A3F64F8F}.Debug|iPhone.Deploy.0 = Debug|Any CPU
		{FB6A9FB1-7967-4787-9CBC-8AA6A3F64F8F}.Debug|iPhoneSimulator.ActiveCfg = Debug|Any CPU
		{FB6A9FB1-7967-4787-9CBC-8AA6A3F64F8F}.Debug|iPhoneSimulator.Build.0 = Debug|Any CPU
		{FB6A9FB1-7967-4787-9CBC-8AA6A3F64F8F}.Debug|iPhoneSimulator.Deploy.0 = Debug|Any CPU
		{FB6A9FB1-7967-4787-9CBC-8AA6A3F64F8F}.Release|Any CPU.ActiveCfg = Release|Any CPU
		{FB6A9FB1-7967-4787-9CBC-8AA6A3F64F8F}.Release|Any CPU.Build.0 = Release|Any CPU
		{FB6A9FB1-7967-4787-9CBC-8AA6A3F64F8F}.Release|Any CPU.Deploy.0 = Release|Any CPU
		{FB6A9FB1-7967-4787-9CBC-8AA6A3F64F8F}.Release|iPhone.ActiveCfg = Release|Any CPU
		{FB6A9FB1-7967-4787-9CBC-8AA6A3F64F8F}.Release|iPhone.Build.0 = Release|Any CPU
		{FB6A9FB1-7967-4787-9CBC-8AA6A3F64F8F}.Release|iPhone.Deploy.0 = Release|Any CPU
		{FB6A9FB1-7967-4787-9CBC-8AA6A3F64F8F}.Release|iPhoneSimulator.ActiveCfg = Release|Any CPU
		{FB6A9FB1-7967-4787-9CBC-8AA6A3F64F8F}.Release|iPhoneSimulator.Build.0 = Release|Any CPU
		{FB6A9FB1-7967-4787-9CBC-8AA6A3F64F8F}.Release|iPhoneSimulator.Deploy.0 = Release|Any CPU
	EndGlobalSection
	GlobalSection(SolutionProperties) = preSolution
		HideSolutionNode = FALSE
	EndGlobalSection
	GlobalSection(ExtensibilityGlobals) = postSolution
		SolutionGuid = {754825E9-44CB-45F5-B575-C7A7E547F8E1}
	EndGlobalSection
EndGlobal
